
Microsoft Visual Studio Solution File, Format Version 12.00
# Visual Studio Version 17
VisualStudioVersion = 17.12.35707.178 d17.12
MinimumVisualStudioVersion = 10.0.40219.1
Project("{FAE04EC0-301F-11D3-BF4B-00C04F79EFBC}") = "ToDoListApp.WebUI", "ToDoListApp.WebUI.csproj", "{857A6BD3-EC97-45F7-9E3B-92B3386A768B}"
EndProject
Project("{FAE04EC0-301F-11D3-BF4B-00C04F79EFBC}") = "ToDoListApp.EntityLayer", "..\ToDoListApp.EntityLayer\ToDoListApp.EntityLayer.csproj", "{0C41A7F1-FEA3-4DFD-8646-57CB5C3C80C0}"
EndProject
Project("{FAE04EC0-301F-11D3-BF4B-00C04F79EFBC}") = "ToDoListApp.DataAccessLayer", "..\ToDoListApp.DataAccessLayer\ToDoListApp.DataAccessLayer.csproj", "{A51B76DD-8B28-46D4-A2FE-E363FAB5DD63}"
EndProject
Project("{FAE04EC0-301F-11D3-BF4B-00C04F79EFBC}") = "ToDoListApp.BusinessLayer", "..\ToDoListApp.BusinessLayer\ToDoListApp.BusinessLayer.csproj", "{A8DF208E-5D5E-499B-9C39-4B15B250B28F}"
EndProject
Global
	GlobalSection(SolutionConfigurationPlatforms) = preSolution
		Debug|Any CPU = Debug|Any CPU
		Release|Any CPU = Release|Any CPU
	EndGlobalSection
	GlobalSection(ProjectConfigurationPlatforms) = postSolution
		{857A6BD3-EC97-45F7-9E3B-92B3386A768B}.Debug|Any CPU.ActiveCfg = Debug|Any CPU
		{857A6BD3-EC97-45F7-9E3B-92B3386A768B}.Debug|Any CPU.Build.0 = Debug|Any CPU
		{857A6BD3-EC97-45F7-9E3B-92B3386A768B}.Release|Any CPU.ActiveCfg = Release|Any CPU
		{857A6BD3-EC97-45F7-9E3B-92B3386A768B}.Release|Any CPU.Build.0 = Release|Any CPU
		{0C41A7F1-FEA3-4DFD-8646-57CB5C3C80C0}.Debug|Any CPU.ActiveCfg = Debug|Any CPU
		{0C41A7F1-FEA3-4DFD-8646-57CB5C3C80C0}.Debug|Any CPU.Build.0 = Debug|Any CPU
		{0C41A7F1-FEA3-4DFD-8646-57CB5C3C80C0}.Release|Any CPU.ActiveCfg = Release|Any CPU
		{0C41A7F1-FEA3-4DFD-8646-57CB5C3C80C0}.Release|Any CPU.Build.0 = Release|Any CPU
		{A51B76DD-8B28-46D4-A2FE-E363FAB5DD63}.Debug|Any CPU.ActiveCfg = Debug|Any CPU
		{A51B76DD-8B28-46D4-A2FE-E363FAB5DD63}.Debug|Any CPU.Build.0 = Debug|Any CPU
		{A51B76DD-8B28-46D4-A2FE-E363FAB5DD63}.Release|Any CPU.ActiveCfg = Release|Any CPU
		{A51B76DD-8B28-46D4-A2FE-E363FAB5DD63}.Release|Any CPU.Build.0 = Release|Any CPU
		{A8DF208E-5D5E-499B-9C39-4B15B250B28F}.Debug|Any CPU.ActiveCfg = Debug|Any CPU
		{A8DF208E-5D5E-499B-9C39-4B15B250B28F}.Debug|Any CPU.Build.0 = Debug|Any CPU
		{A8DF208E-5D5E-499B-9C39-4B15B250B28F}.Release|Any CPU.ActiveCfg = Release|Any CPU
		{A8DF208E-5D5E-499B-9C39-4B15B250B28F}.Release|Any CPU.Build.0 = Release|Any CPU
	EndGlobalSection
	GlobalSection(SolutionProperties) = preSolution
		HideSolutionNode = FALSE
	EndGlobalSection
EndGlobal
